version = 1
revision = 2
requires-python = ">=3.13"

[[package]]
name = "colored"
version = "2.3.0"
source = { registry = "https://pypi.org/simple" }
sdist = { url = "https://files.pythonhosted.org/packages/b0/01/04aa2e928233863ddf91b35d8f9c0ae40714394afac01fa76ba4eb2f0182/colored-2.3.0.tar.gz", hash = "sha256:4daf9b3ed687a01d59005e1bd03f354475226b933abb9a01836d6dde926d4c6f", size = 14708, upload-time = "2025-02-10T16:42:42.293Z" }
wheels = [
    { url = "https://files.pythonhosted.org/packages/71/52/990d8b2a888be9fe1022eb89884849547e6341a8bec0072605fd70483db8/colored-2.3.0-py3-none-any.whl", hash = "sha256:2f7f455dc2ed490531b0b8e0ecf8f8513bb28a150d9f12f0e48b023641a55185", size = 18333, upload-time = "2025-02-10T16:42:39.269Z" },
]

[[package]]
name = "fire"
version = "0.7.0"
source = { registry = "https://pypi.org/simple" }
dependencies = [
    { name = "termcolor" },
]
sdist = { url = "https://files.pythonhosted.org/packages/6b/b6/82c7e601d6d3c3278c40b7bd35e17e82aa227f050aa9f66cb7b7fce29471/fire-0.7.0.tar.gz", hash = "sha256:961550f07936eaf65ad1dc8360f2b2bf8408fad46abbfa4d2a3794f8d2a95cdf", size = 87189, upload-time = "2024-10-01T14:29:31.585Z" }

[[package]]
name = "gitoy-2"
version = "0.1.0"
source = { virtual = "." }
dependencies = [
    { name = "colored" },
    { name = "fire" },
]

[package.metadata]
requires-dist = [
    { name = "colored", specifier = ">=2.3.0" },
    { name = "fire", specifier = ">=0.7.0" },
]

[[package]]
name = "termcolor"
version = "3.1.0"
source = { registry = "https://pypi.org/simple" }
sdist = { url = "https://files.pythonhosted.org/packages/ca/6c/3d75c196ac07ac8749600b60b03f4f6094d54e132c4d94ebac6ee0e0add0/termcolor-3.1.0.tar.gz", hash = "sha256:6a6dd7fbee581909eeec6a756cff1d7f7c376063b14e4a298dc4980309e55970", size = 14324, upload-time = "2025-04-30T11:37:53.791Z" }
wheels = [
    { url = "https://files.pythonhosted.org/packages/4f/bd/de8d508070629b6d84a30d01d57e4a65c69aa7f5abe7560b8fad3b50ea59/termcolor-3.1.0-py3-none-any.whl", hash = "sha256:591dd26b5c2ce03b9e43f391264626557873ce1d379019786f99b0c2bee140aa", size = 7684, upload-time = "2025-04-30T11:37:52.382Z" },
]
